
Microsoft Visual Studio Solution File, Format Version 12.00
# Visual Studio Version 17
VisualStudioVersion = 17.11.35303.130
MinimumVisualStudioVersion = 10.0.40219.1
Project("{FAE04EC0-301F-11D3-BF4B-00C04F79EFBC}") = "01_MainSubject", "01_MainSubject\01_MainSubject.csproj", "{7F747B8E-ED17-4168-9F89-4DB14D1C7569}"
EndProject
Project("{FAE04EC0-301F-11D3-BF4B-00C04F79EFBC}") = "02_Variables", "02_Variables\02_Variables.csproj", "{911FF00F-2F05-469E-A525-7466D908BFEC}"
EndProject
Project("{FAE04EC0-301F-11D3-BF4B-00C04F79EFBC}") = "03_MakingDecision", "03_MakingDecision\03_MakingDecision.csproj", "{950D8437-809B-4661-A575-A685383D9CE8}"
EndProject
Project("{FAE04EC0-301F-11D3-BF4B-00C04F79EFBC}") = "04_Loops", "04_Loops\04_Loops.csproj", "{BF2DEFFA-1BDF-48F0-B2B6-087D104E0E30}"
EndProject
Project("{FAE04EC0-301F-11D3-BF4B-00C04F79EFBC}") = "05_LoopsWithStars", "05_LoopsWithStars\05_LoopsWithStars.csproj", "{C14B6A45-B34C-4D00-91D3-84C4219C1CF1}"
EndProject
Project("{FAE04EC0-301F-11D3-BF4B-00C04F79EFBC}") = "06_Arrays", "06_Arrays\06_Arrays.csproj", "{B9D4F6CF-B85E-4A2D-85B2-C3350381F74E}"
EndProject
Project("{FAE04EC0-301F-11D3-BF4B-00C04F79EFBC}") = "07_ForeachLoop", "07_ForeachLoop\07_ForeachLoop.csproj", "{BE5D3111-14EB-42BD-A20C-42B65D3FB32F}"
EndProject
Project("{FAE04EC0-301F-11D3-BF4B-00C04F79EFBC}") = "08_Methods", "08_Methods\08_Methods.csproj", "{20646467-B8CD-4873-BB80-2002B6CF04BE}"
EndProject
Project("{FAE04EC0-301F-11D3-BF4B-00C04F79EFBC}") = "09_DatabaseProject", "09_DatabaseProject\09_DatabaseProject.csproj", "{61995BF1-9513-4CCD-8262-EF0126FBBDB4}"
EndProject
Global
	GlobalSection(SolutionConfigurationPlatforms) = preSolution
		Debug|Any CPU = Debug|Any CPU
		Release|Any CPU = Release|Any CPU
	EndGlobalSection
	GlobalSection(ProjectConfigurationPlatforms) = postSolution
		{7F747B8E-ED17-4168-9F89-4DB14D1C7569}.Debug|Any CPU.ActiveCfg = Debug|Any CPU
		{7F747B8E-ED17-4168-9F89-4DB14D1C7569}.Debug|Any CPU.Build.0 = Debug|Any CPU
		{7F747B8E-ED17-4168-9F89-4DB14D1C7569}.Release|Any CPU.ActiveCfg = Release|Any CPU
		{7F747B8E-ED17-4168-9F89-4DB14D1C7569}.Release|Any CPU.Build.0 = Release|Any CPU
		{911FF00F-2F05-469E-A525-7466D908BFEC}.Debug|Any CPU.ActiveCfg = Debug|Any CPU
		{911FF00F-2F05-469E-A525-7466D908BFEC}.Debug|Any CPU.Build.0 = Debug|Any CPU
		{911FF00F-2F05-469E-A525-7466D908BFEC}.Release|Any CPU.ActiveCfg = Release|Any CPU
		{911FF00F-2F05-469E-A525-7466D908BFEC}.Release|Any CPU.Build.0 = Release|Any CPU
		{950D8437-809B-4661-A575-A685383D9CE8}.Debug|Any CPU.ActiveCfg = Debug|Any CPU
		{950D8437-809B-4661-A575-A685383D9CE8}.Debug|Any CPU.Build.0 = Debug|Any CPU
		{950D8437-809B-4661-A575-A685383D9CE8}.Release|Any CPU.ActiveCfg = Release|Any CPU
		{950D8437-809B-4661-A575-A685383D9CE8}.Release|Any CPU.Build.0 = Release|Any CPU
		{BF2DEFFA-1BDF-48F0-B2B6-087D104E0E30}.Debug|Any CPU.ActiveCfg = Debug|Any CPU
		{BF2DEFFA-1BDF-48F0-B2B6-087D104E0E30}.Debug|Any CPU.Build.0 = Debug|Any CPU
		{BF2DEFFA-1BDF-48F0-B2B6-087D104E0E30}.Release|Any CPU.ActiveCfg = Release|Any CPU
		{BF2DEFFA-1BDF-48F0-B2B6-087D104E0E30}.Release|Any CPU.Build.0 = Release|Any CPU
		{C14B6A45-B34C-4D00-91D3-84C4219C1CF1}.Debug|Any CPU.ActiveCfg = Debug|Any CPU
		{C14B6A45-B34C-4D00-91D3-84C4219C1CF1}.Debug|Any CPU.Build.0 = Debug|Any CPU
		{C14B6A45-B34C-4D00-91D3-84C4219C1CF1}.Release|Any CPU.ActiveCfg = Release|Any CPU
		{C14B6A45-B34C-4D00-91D3-84C4219C1CF1}.Release|Any CPU.Build.0 = Release|Any CPU
		{B9D4F6CF-B85E-4A2D-85B2-C3350381F74E}.Debug|Any CPU.ActiveCfg = Debug|Any CPU
		{B9D4F6CF-B85E-4A2D-85B2-C3350381F74E}.Debug|Any CPU.Build.0 = Debug|Any CPU
		{B9D4F6CF-B85E-4A2D-85B2-C3350381F74E}.Release|Any CPU.ActiveCfg = Release|Any CPU
		{B9D4F6CF-B85E-4A2D-85B2-C3350381F74E}.Release|Any CPU.Build.0 = Release|Any CPU
		{BE5D3111-14EB-42BD-A20C-42B65D3FB32F}.Debug|Any CPU.ActiveCfg = Debug|Any CPU
		{BE5D3111-14EB-42BD-A20C-42B65D3FB32F}.Debug|Any CPU.Build.0 = Debug|Any CPU
		{BE5D3111-14EB-42BD-A20C-42B65D3FB32F}.Release|Any CPU.ActiveCfg = Release|Any CPU
		{BE5D3111-14EB-42BD-A20C-42B65D3FB32F}.Release|Any CPU.Build.0 = Release|Any CPU
		{20646467-B8CD-4873-BB80-2002B6CF04BE}.Debug|Any CPU.ActiveCfg = Debug|Any CPU
		{20646467-B8CD-4873-BB80-2002B6CF04BE}.Debug|Any CPU.Build.0 = Debug|Any CPU
		{20646467-B8CD-4873-BB80-2002B6CF04BE}.Release|Any CPU.ActiveCfg = Release|Any CPU
		{20646467-B8CD-4873-BB80-2002B6CF04BE}.Release|Any CPU.Build.0 = Release|Any CPU
		{61995BF1-9513-4CCD-8262-EF0126FBBDB4}.Debug|Any CPU.ActiveCfg = Debug|Any CPU
		{61995BF1-9513-4CCD-8262-EF0126FBBDB4}.Debug|Any CPU.Build.0 = Debug|Any CPU
		{61995BF1-9513-4CCD-8262-EF0126FBBDB4}.Release|Any CPU.ActiveCfg = Release|Any CPU
		{61995BF1-9513-4CCD-8262-EF0126FBBDB4}.Release|Any CPU.Build.0 = Release|Any CPU
	EndGlobalSection
	GlobalSection(SolutionProperties) = preSolution
		HideSolutionNode = FALSE
	EndGlobalSection
	GlobalSection(ExtensibilityGlobals) = postSolution
		SolutionGuid = {30335901-1387-46A9-AB0A-85706E20284F}
	EndGlobalSection
EndGlobal
